
Microsoft Visual Studio Solution File, Format Version 12.00
# Visual Studio Version 17
VisualStudioVersion = 17.0.31919.166
MinimumVisualStudioVersion = 10.0.40219.1
Project("{FAE04EC0-301F-11D3-BF4B-00C04F79EFBC}") = "UC9_CELCIUS-P-FAHRENHEIT", "UC9_CELCIUS-P-FAHRENHEIT\UC9_CELCIUS-P-FAHRENHEIT.csproj", "{5A2E063B-E090-4A30-BB0B-4A3D9E75734F}"
EndProject
Global
	GlobalSection(SolutionConfigurationPlatforms) = preSolution
		Debug|Any CPU = Debug|Any CPU
		Release|Any CPU = Release|Any CPU
	EndGlobalSection
	GlobalSection(ProjectConfigurationPlatforms) = postSolution
		{5A2E063B-E090-4A30-BB0B-4A3D9E75734F}.Debug|Any CPU.ActiveCfg = Debug|Any CPU
		{5A2E063B-E090-4A30-BB0B-4A3D9E75734F}.Debug|Any CPU.Build.0 = Debug|Any CPU
		{5A2E063B-E090-4A30-BB0B-4A3D9E75734F}.Release|Any CPU.ActiveCfg = Release|Any CPU
		{5A2E063B-E090-4A30-BB0B-4A3D9E75734F}.Release|Any CPU.Build.0 = Release|Any CPU
	EndGlobalSection
	GlobalSection(SolutionProperties) = preSolution
		HideSolutionNode = FALSE
	EndGlobalSection
	GlobalSection(ExtensibilityGlobals) = postSolution
		SolutionGuid = {F7CFE400-8C98-4646-A4DA-88DB7337C72E}
	EndGlobalSection
EndGlobal
